// !$*UTF8*$!
{
	archiveVersion = 1;
	classes = {
	};
	objectVersion = 56;
	objects = {

/* Begin PBXBuildFile section */
		3F78D8E32A6EFA7700A61FB2 /* AppDelegate.swift in Sources */ = {isa = PBXBuildFile; fileRef = 3F78D8E22A6EFA7700A61FB2 /* AppDelegate.swift */; };
		3F78D8E52A6EFA7700A61FB2 /* SceneDelegate.swift in Sources */ = {isa = PBXBuildFile; fileRef = 3F78D8E42A6EFA7700A61FB2 /* SceneDelegate.swift */; };
		3F78D8E72A6EFA7700A61FB2 /* ViewController.swift in Sources */ = {isa = PBXBuildFile; fileRef = 3F78D8E62A6EFA7700A61FB2 /* ViewController.swift */; };
		3F78D8EA2A6EFA7700A61FB2 /* Main.storyboard in Resources */ = {isa = PBXBuildFile; fileRef = 3F78D8E82A6EFA7700A61FB2 /* Main.storyboard */; };
		3F78D8EC2A6EFA7800A61FB2 /* Assets.xcassets in Resources */ = {isa = PBXBuildFile; fileRef = 3F78D8EB2A6EFA7800A61FB2 /* Assets.xcassets */; };
		3F78D8EF2A6EFA7800A61FB2 /* LaunchScreen.storyboard in Resources */ = {isa = PBXBuildFile; fileRef = 3F78D8ED2A6EFA7800A61FB2 /* LaunchScreen.storyboard */; };
		3F78D8F72A6EFCA400A61FB2 /* LedBoardViewController.swift in Sources */ = {isa = PBXBuildFile; fileRef = 3F78D8F62A6EFCA400A61FB2 /* LedBoardViewController.swift */; };
/* End PBXBuildFile section */

/* Begin PBXFileReference section */
		3F78D8DF2A6EFA7700A61FB2 /* LedBoard.app */ = {isa = PBXFileReference; explicitFileType = wrapper.application; includeInIndex = 0; path = LedBoard.app; sourceTree = BUILT_PRODUCTS_DIR; };
		3F78D8E22A6EFA7700A61FB2 /* AppDelegate.swift */ = {isa = PBXFileReference; lastKnownFileType = sourcecode.swift; path = AppDelegate.swift; sourceTree = "<group>"; };
		3F78D8E42A6EFA7700A61FB2 /* SceneDelegate.swift */ = {isa = PBXFileReference; lastKnownFileType = sourcecode.swift; path = SceneDelegate.swift; sourceTree = "<group>"; };
		3F78D8E62A6EFA7700A61FB2 /* ViewController.swift */ = {isa = PBXFileReference; lastKnownFileType = sourcecode.swift; path = ViewController.swift; sourceTree = "<group>"; };
		3F78D8E92A6EFA7700A61FB2 /* Base */ = {isa = PBXFileReference; lastKnownFileType = file.storyboard; name = Base; path = Base.lproj/Main.storyboard; sourceTree = "<group>"; };
		3F78D8EB2A6EFA7800A61FB2 /* Assets.xcassets */ = {isa = PBXFileReference; lastKnownFileType = folder.assetcatalog; path = Assets.xcassets; sourceTree = "<group>"; };
		3F78D8EE2A6EFA7800A61FB2 /* Base */ = {isa = PBXFileReference; lastKnownFileType = file.storyboard; name = Base; path = Base.lproj/LaunchScreen.storyboard; sourceTree = "<group>"; };
		3F78D8F02A6EFA7800A61FB2 /* Info.plist */ = {isa = PBXFileReference; lastKnownFileType = text.plist.xml; path = Info.plist; sourceTree = "<group>"; };
		3F78D8F62A6EFCA400A61FB2 /* LedBoardViewController.swift */ = {isa = PBXFileReference; lastKnownFileType = sourcecode.swift; path = LedBoardViewController.swift; sourceTree = SOURCE_ROOT; };
/* End PBXFileReference section */

/* Begin PBXFrameworksBuildPhase section */
		3F78D8DC2A6EFA7700A61FB2 /* Frameworks */ = {
			isa = PBXFrameworksBuildPhase;
			buildActionMask = 2147483647;
			files = (
			);
			runOnlyForDeploymentPostprocessing = 0;
		};
/* End PBXFrameworksBuildPhase section */

/* Begin PBXGroup section */
		3F78D8D62A6EFA7700A61FB2 = {
			isa = PBXGroup;
			children = (
				3F78D8E12A6EFA7700A61FB2 /* LedBoard */,
				3F78D8E02A6EFA7700A61FB2 /* Products */,
			);
			sourceTree = "<group>";
		};
		3F78D8E02A6EFA7700A61FB2 /* Products */ = {
			isa = PBXGroup;
			children = (
				3F78D8DF2A6EFA7700A61FB2 /* LedBoard.app */,
			);
			name = Products;
			sourceTree = "<group>";
		};
		3F78D8E12A6EFA7700A61FB2 /* LedBoard */ = {
			isa = PBXGroup;
			children = (
				3F78D8F62A6EFCA400A61FB2 /* LedBoardViewController.swift */,
				3F78D8E22A6EFA7700A61FB2 /* AppDelegate.swift */,
				3F78D8E42A6EFA7700A61FB2 /* SceneDelegate.swift */,
				3F78D8E62A6EFA7700A61FB2 /* ViewController.swift */,
				3F78D8E82A6EFA7700A61FB2 /* Main.storyboard */,
				3F78D8EB2A6EFA7800A61FB2 /* Assets.xcassets */,
				3F78D8ED2A6EFA7800A61FB2 /* LaunchScreen.storyboard */,
				3F78D8F02A6EFA7800A61FB2 /* Info.plist */,
			);
			path = LedBoard;
			sourceTree = "<group>";
		};
/* End PBXGroup section */

/* Begin PBXNativeTarget section */
		3F78D8DE2A6EFA7700A61FB2 /* LedBoard */ = {
			isa = PBXNativeTarget;
			buildConfigurationList = 3F78D8F32A6EFA7800A61FB2 /* Build configuration list for PBXNativeTarget "LedBoard" */;
			buildPhases = (
				3F78D8DB2A6EFA7700A61FB2 /* Sources */,
				3F78D8DC2A6EFA7700A61FB2 /* Frameworks */,
				3F78D8DD2A6EFA7700A61FB2 /* Resources */,
			);
			buildRules = (
			);
			dependencies = (
			);
			name = LedBoard;
			productName = LedBoard;
			productReference = 3F78D8DF2A6EFA7700A61FB2 /* LedBoard.app */;
			productType = "com.apple.product-type.application";
		};
/* End PBXNativeTarget section */

/* Begin PBXProject section */
		3F78D8D72A6EFA7700A61FB2 /* Project object */ = {
			isa = PBXProject;
			attributes = {
				BuildIndependentTargetsInParallel = 1;
				LastSwiftUpdateCheck = 1430;
				LastUpgradeCheck = 1430;
				TargetAttributes = {
					3F78D8DE2A6EFA7700A61FB2 = {
						CreatedOnToolsVersion = 14.3;
					};
				};
			};
			buildConfigurationList = 3F78D8DA2A6EFA7700A61FB2 /* Build configuration list for PBXProject "LedBoard" */;
			compatibilityVersion = "Xcode 14.0";
			developmentRegion = en;
			hasScannedForEncodings = 0;
			knownRegions = (
				en,
				Base,
			);
			mainGroup = 3F78D8D62A6EFA7700A61FB2;
			productRefGroup = 3F78D8E02A6EFA7700A61FB2 /* Products */;
			projectDirPath = "";
			projectRoot = "";
			targets = (
				3F78D8DE2A6EFA7700A61FB2 /* LedBoard */,
			);
		};
/* End PBXProject section */

/* Begin PBXResourcesBuildPhase section */
		3F78D8DD2A6EFA7700A61FB2 /* Resources */ = {
			isa = PBXResourcesBuildPhase;
			buildActionMask = 2147483647;
			files = (
				3F78D8EF2A6EFA7800A61FB2 /* LaunchScreen.storyboard in Resources */,
				3F78D8EC2A6EFA7800A61FB2 /* Assets.xcassets in Resources */,
				3F78D8EA2A6EFA7700A61FB2 /* Main.storyboard in Resources */,
			);
			runOnlyForDeploymentPostprocessing = 0;
		};
/* End PBXResourcesBuildPhase section */

/* Begin PBXSourcesBuildPhase section */
		3F78D8DB2A6EFA7700A61FB2 /* Sources */ = {
			isa = PBXSourcesBuildPhase;
			buildActionMask = 2147483647;
			files = (
				3F78D8E72A6EFA7700A61FB2 /* ViewController.swift in Sources */,
				3F78D8E32A6EFA7700A61FB2 /* AppDelegate.swift in Sources */,
				3F78D8E52A6EFA7700A61FB2 /* SceneDelegate.swift in Sources */,
				3F78D8F72A6EFCA400A61FB2 /* LedBoardViewController.swift in Sources */,
			);
			runOnlyForDeploymentPostprocessing = 0;
		};
/* End PBXSourcesBuildPhase section */

/* Begin PBXVariantGroup section */
		3F78D8E82A6EFA7700A61FB2 /* Main.storyboard */ = {
			isa = PBXVariantGroup;
			children = (
				3F78D8E92A6EFA7700A61FB2 /* Base */,
			);
			name = Main.storyboard;
			sourceTree = "<group>";
		};
		3F78D8ED2A6EFA7800A61FB2 /* LaunchScreen.storyboard */ = {
			isa = PBXVariantGroup;
			children = (
				3F78D8EE2A6EFA7800A61FB2 /* Base */,
			);
			name = LaunchScreen.storyboard;
			sourceTree = "<group>";
		};
/* End PBXVariantGroup section */

/* Begin XCBuildConfiguration section */
		3F78D8F12A6EFA7800A61FB2 /* Debug */ = {
			isa = XCBuildConfiguration;
			buildSettings = {
				ALWAYS_SEARCH_USER_PATHS = NO;
				CLANG_ANALYZER_NONNULL = YES;
				CLANG_ANALYZER_NUMBER_OBJECT_CONVERSION = YES_AGGRESSIVE;
				CLANG_CXX_LANGUAGE_STANDARD = "gnu++20";
				CLANG_ENABLE_MODULES = YES;
				CLANG_ENABLE_OBJC_ARC = YES;
				CLANG_ENABLE_OBJC_WEAK = YES;
				CLANG_WARN_BLOCK_CAPTURE_AUTORELEASING = YES;
				CLANG_WARN_BOOL_CONVERSION = YES;
				CLANG_WARN_COMMA = YES;
				CLANG_WARN_CONSTANT_CONVERSION = YES;
				CLANG_WARN_DEPRECATED_OBJC_IMPLEMENTATIONS = YES;
				CLANG_WARN_DIRECT_OBJC_ISA_USAGE = YES_ERROR;
				CLANG_WARN_DOCUMENTATION_COMMENTS = YES;
				CLANG_WARN_EMPTY_BODY = YES;
				CLANG_WARN_ENUM_CONVERSION = YES;
				CLANG_WARN_INFINITE_RECURSION = YES;
				CLANG_WARN_INT_CONVERSION = YES;
				CLANG_WARN_NON_LITERAL_NULL_CONVERSION = YES;
				CLANG_WARN_OBJC_IMPLICIT_RETAIN_SELF = YES;
				CLANG_WARN_OBJC_LITERAL_CONVERSION = YES;
				CLANG_WARN_OBJC_ROOT_CLASS = YES_ERROR;
				CLANG_WARN_QUOTED_INCLUDE_IN_FRAMEWORK_HEADER = YES;
				CLANG_WARN_RANGE_LOOP_ANALYSIS = YES;
				CLANG_WARN_STRICT_PROTOTYPES = YES;
				CLANG_WARN_SUSPICIOUS_MOVE = YES;
				CLANG_WARN_UNGUARDED_AVAILABILITY = YES_AGGRESSIVE;
				CLANG_WARN_UNREACHABLE_CODE = YES;
				CLANG_WARN__DUPLICATE_METHOD_MATCH = YES;
				COPY_PHASE_STRIP = NO;
				DEBUG_INFORMATION_FORMAT = dwarf;
				ENABLE_STRICT_OBJC_MSGSEND = YES;
				ENABLE_TESTABILITY = YES;
				GCC_C_LANGUAGE_STANDARD = gnu11;
				GCC_DYNAMIC_NO_PIC = NO;
				GCC_NO_COMMON_BLOCKS = YES;
				GCC_OPTIMIZATION_LEVEL = 0;
				GCC_PREPROCESSOR_DEFINITIONS = (
					"DEBUG=1",
					"$(inherited)",
				);
				GCC_WARN_64_TO_32_BIT_CONVERSION = YES;
				GCC_WARN_ABOUT_RETURN_TYPE = YES_ERROR;
				GCC_WARN_UNDECLARED_SELECTOR = YES;
				GCC_WARN_UNINITIALIZED_AUTOS = YES_AGGRESSIVE;
				GCC_WARN_UNUSED_FUNCTION = YES;
				GCC_WARN_UNUSED_VARIABLE = YES;
				IPHONEOS_DEPLOYMENT_TARGET = 16.4;
				MTL_ENABLE_DEBUG_INFO = INCLUDE_SOURCE;
				MTL_FAST_MATH = YES;
				ONLY_ACTIVE_ARCH = YES;
				SDKROOT = iphoneos;
				SWIFT_ACTIVE_COMPILATION_CONDITIONS = DEBUG;
				SWIFT_OPTIMIZATION_LEVEL = "-Onone";
			};
			name = Debug;
		};
		3F78D8F22A6EFA7800A61FB2 /* Release */ = {
			isa = XCBuildConfiguration;
			buildSettings = {
				ALWAYS_SEARCH_USER_PATHS = NO;
				CLANG_ANALYZER_NONNULL = YES;
				CLANG_ANALYZER_NUMBER_OBJECT_CONVERSION = YES_AGGRESSIVE;
				CLANG_CXX_LANGUAGE_STANDARD = "gnu++20";
				CLANG_ENABLE_MODULES = YES;
				CLANG_ENABLE_OBJC_ARC = YES;
				CLANG_ENABLE_OBJC_WEAK = YES;
				CLANG_WARN_BLOCK_CAPTURE_AUTORELEASING = YES;
				CLANG_WARN_BOOL_CONVERSION = YES;
				CLANG_WARN_COMMA = YES;
				CLANG_WARN_CONSTANT_CONVERSION = YES;
				CLANG_WARN_DEPRECATED_OBJC_IMPLEMENTATIONS = YES;
				CLANG_WARN_DIRECT_OBJC_ISA_USAGE = YES_ERROR;
				CLANG_WARN_DOCUMENTATION_COMMENTS = YES;
				CLANG_WARN_EMPTY_BODY = YES;
				CLANG_WARN_ENUM_CONVERSION = YES;
				CLANG_WARN_INFINITE_RECURSION = YES;
				CLANG_WARN_INT_CONVERSION = YES;
				CLANG_WARN_NON_LITERAL_NULL_CONVERSION = YES;
				CLANG_WARN_OBJC_IMPLICIT_RETAIN_SELF = YES;
				CLANG_WARN_OBJC_LITERAL_CONVERSION = YES;
				CLANG_WARN_OBJC_ROOT_CLASS = YES_ERROR;
				CLANG_WARN_QUOTED_INCLUDE_IN_FRAMEWORK_HEADER = YES;
				CLANG_WARN_RANGE_LOOP_ANALYSIS = YES;
				CLANG_WARN_STRICT_PROTOTYPES = YES;
				CLANG_WARN_SUSPICIOUS_MOVE = YES;
				CLANG_WARN_UNGUARDED_AVAILABILITY = YES_AGGRESSIVE;
				CLANG_WARN_UNREACHABLE_CODE = YES;
				CLANG_WARN__DUPLICATE_METHOD_MATCH = YES;
				COPY_PHASE_STRIP = NO;
				DEBUG_INFORMATION_FORMAT = "dwarf-with-dsym";
				ENABLE_NS_ASSERTIONS = NO;
				ENABLE_STRICT_OBJC_MSGSEND = YES;
				GCC_C_LANGUAGE_STANDARD = gnu11;
				GCC_NO_COMMON_BLOCKS = YES;
				GCC_WARN_64_TO_32_BIT_CONVERSION = YES;
				GCC_WARN_ABOUT_RETURN_TYPE = YES_ERROR;
				GCC_WARN_UNDECLARED_SELECTOR = YES;
				GCC_WARN_UNINITIALIZED_AUTOS = YES_AGGRESSIVE;
				GCC_WARN_UNUSED_FUNCTION = YES;
				GCC_WARN_UNUSED_VARIABLE = YES;
				IPHONEOS_DEPLOYMENT_TARGET = 16.4;
				MTL_ENABLE_DEBUG_INFO = NO;
				MTL_FAST_MATH = YES;
				SDKROOT = iphoneos;
				SWIFT_COMPILATION_MODE = wholemodule;
				SWIFT_OPTIMIZATION_LEVEL = "-O";
				VALIDATE_PRODUCT = YES;
			};
			name = Release;
		};
		3F78D8F42A6EFA7800A61FB2 /* Debug */ = {
			isa = XCBuildConfiguration;
			buildSettings = {
				ASSETCATALOG_COMPILER_APPICON_NAME = AppIcon;
				ASSETCATALOG_COMPILER_GLOBAL_ACCENT_COLOR_NAME = AccentColor;
				CODE_SIGN_STYLE = Automatic;
				CURRENT_PROJECT_VERSION = 1;
				DEVELOPMENT_TEAM = NFCS5T44FS;
				GENERATE_INFOPLIST_FILE = YES;
				INFOPLIST_FILE = LedBoard/Info.plist;
				INFOPLIST_KEY_UIApplicationSupportsIndirectInputEvents = YES;
				INFOPLIST_KEY_UILaunchStoryboardName = LaunchScreen;
				INFOPLIST_KEY_UIMainStoryboardFile = Main;
				INFOPLIST_KEY_UISupportedInterfaceOrientations_iPad = "UIInterfaceOrientationPortrait UIInterfaceOrientationPortraitUpsideDown UIInterfaceOrientationLandscapeLeft UIInterfaceOrientationLandscapeRight";
				INFOPLIST_KEY_UISupportedInterfaceOrientations_iPhone = "UIInterfaceOrientationPortrait UIInterfaceOrientationLandscapeLeft UIInterfaceOrientationLandscapeRight";
				LD_RUNPATH_SEARCH_PATHS = (
					"$(inherited)",
					"@executable_path/Frameworks",
				);
				MARKETING_VERSION = 1.0;
				PRODUCT_BUNDLE_IDENTIFIER = com.hany.LedBoard;
				PRODUCT_NAME = "$(TARGET_NAME)";
				SWIFT_EMIT_LOC_STRINGS = YES;
				SWIFT_VERSION = 5.0;
				TARGETED_DEVICE_FAMILY = "1,2";
			};
			name = Debug;
		};
		3F78D8F52A6EFA7800A61FB2 /* Release */ = {
			isa = XCBuildConfiguration;
			buildSettings = {
				ASSETCATALOG_COMPILER_APPICON_NAME = AppIcon;
				ASSETCATALOG_COMPILER_GLOBAL_ACCENT_COLOR_NAME = AccentColor;
				CODE_SIGN_STYLE = Automatic;
				CURRENT_PROJECT_VERSION = 1;
				DEVELOPMENT_TEAM = NFCS5T44FS;
				GENERATE_INFOPLIST_FILE = YES;
				INFOPLIST_FILE = LedBoard/Info.plist;
				INFOPLIST_KEY_UIApplicationSupportsIndirectInputEvents = YES;
				INFOPLIST_KEY_UILaunchStoryboardName = LaunchScreen;
				INFOPLIST_KEY_UIMainStoryboardFile = Main;
				INFOPLIST_KEY_UISupportedInterfaceOrientations_iPad = "UIInterfaceOrientationPortrait UIInterfaceOrientationPortraitUpsideDown UIInterfaceOrientationLandscapeLeft UIInterfaceOrientationLandscapeRight";
				INFOPLIST_KEY_UISupportedInterfaceOrientations_iPhone = "UIInterfaceOrientationPortrait UIInterfaceOrientationLandscapeLeft UIInterfaceOrientationLandscapeRight";
				LD_RUNPATH_SEARCH_PATHS = (
					"$(inherited)",
					"@executable_path/Frameworks",
				);
				MARKETING_VERSION = 1.0;
				PRODUCT_BUNDLE_IDENTIFIER = com.hany.LedBoard;
				PRODUCT_NAME = "$(TARGET_NAME)";
				SWIFT_EMIT_LOC_STRINGS = YES;
				SWIFT_VERSION = 5.0;
				TARGETED_DEVICE_FAMILY = "1,2";
			};
			name = Release;
		};
/* End XCBuildConfiguration section */

/* Begin XCConfigurationList section */
		3F78D8DA2A6EFA7700A61FB2 /* Build configuration list for PBXProject "LedBoard" */ = {
			isa = XCConfigurationList;
			buildConfigurations = (
				3F78D8F12A6EFA7800A61FB2 /* Debug */,
				3F78D8F22A6EFA7800A61FB2 /* Release */,
			);
			defaultConfigurationIsVisible = 0;
			defaultConfigurationName = Release;
		};
		3F78D8F32A6EFA7800A61FB2 /* Build configuration list for PBXNativeTarget "LedBoard" */ = {
			isa = XCConfigurationList;
			buildConfigurations = (
				3F78D8F42A6EFA7800A61FB2 /* Debug */,
				3F78D8F52A6EFA7800A61FB2 /* Release */,
			);
			defaultConfigurationIsVisible = 0;
			defaultConfigurationName = Release;
		};
/* End XCConfigurationList section */
	};
	rootObject = 3F78D8D72A6EFA7700A61FB2 /* Project object */;
}
