// !$*UTF8*$!
{
	archiveVersion = 1;
	classes = {
	};
	objectVersion = 56;
	objects = {

/* Begin PBXBuildFile section */
		3F639CCE2D4E0A9B007A807A /* SnapKit in Frameworks */ = {isa = PBXBuildFile; productRef = 3F639CCD2D4E0A9B007A807A /* SnapKit */; };
		3F639CD22D4E0CBD007A807A /* DisplayBoardView.swift in Sources */ = {isa = PBXBuildFile; fileRef = 3F639CD12D4E0CBD007A807A /* DisplayBoardView.swift */; };
		3F639CD42D4E0D41007A807A /* SettingView.swift in Sources */ = {isa = PBXBuildFile; fileRef = 3F639CD32D4E0D41007A807A /* SettingView.swift */; };
		3F639CD92D4E14F0007A807A /* ColorType.swift in Sources */ = {isa = PBXBuildFile; fileRef = 3F639CD82D4E14F0007A807A /* ColorType.swift */; };
		3F639CDB2D4E1654007A807A /* SettingViewController.swift in Sources */ = {isa = PBXBuildFile; fileRef = 3F639CDA2D4E1654007A807A /* SettingViewController.swift */; };
		3F639CDE2D4E2759007A807A /* SettingManager.swift in Sources */ = {isa = PBXBuildFile; fileRef = 3F639CDD2D4E2759007A807A /* SettingManager.swift */; };
		3F78D8E32A6EFA7700A61FB2 /* AppDelegate.swift in Sources */ = {isa = PBXBuildFile; fileRef = 3F78D8E22A6EFA7700A61FB2 /* AppDelegate.swift */; };
		3F78D8E52A6EFA7700A61FB2 /* SceneDelegate.swift in Sources */ = {isa = PBXBuildFile; fileRef = 3F78D8E42A6EFA7700A61FB2 /* SceneDelegate.swift */; };
		3F78D8E72A6EFA7700A61FB2 /* DisplayBoardViewController.swift in Sources */ = {isa = PBXBuildFile; fileRef = 3F78D8E62A6EFA7700A61FB2 /* DisplayBoardViewController.swift */; };
		3F78D8EC2A6EFA7800A61FB2 /* Assets.xcassets in Resources */ = {isa = PBXBuildFile; fileRef = 3F78D8EB2A6EFA7800A61FB2 /* Assets.xcassets */; };
		3F78D8EF2A6EFA7800A61FB2 /* LaunchScreen.storyboard in Resources */ = {isa = PBXBuildFile; fileRef = 3F78D8ED2A6EFA7800A61FB2 /* LaunchScreen.storyboard */; };
/* End PBXBuildFile section */

/* Begin PBXFileReference section */
		3F639CD12D4E0CBD007A807A /* DisplayBoardView.swift */ = {isa = PBXFileReference; lastKnownFileType = sourcecode.swift; path = DisplayBoardView.swift; sourceTree = "<group>"; };
		3F639CD32D4E0D41007A807A /* SettingView.swift */ = {isa = PBXFileReference; lastKnownFileType = sourcecode.swift; path = SettingView.swift; sourceTree = "<group>"; };
		3F639CD82D4E14F0007A807A /* ColorType.swift */ = {isa = PBXFileReference; lastKnownFileType = sourcecode.swift; path = ColorType.swift; sourceTree = "<group>"; };
		3F639CDA2D4E1654007A807A /* SettingViewController.swift */ = {isa = PBXFileReference; lastKnownFileType = sourcecode.swift; path = SettingViewController.swift; sourceTree = "<group>"; };
		3F639CDD2D4E2759007A807A /* SettingManager.swift */ = {isa = PBXFileReference; lastKnownFileType = sourcecode.swift; path = SettingManager.swift; sourceTree = "<group>"; };
		3F78D8DF2A6EFA7700A61FB2 /* LedBoard.app */ = {isa = PBXFileReference; explicitFileType = wrapper.application; includeInIndex = 0; path = LedBoard.app; sourceTree = BUILT_PRODUCTS_DIR; };
		3F78D8E22A6EFA7700A61FB2 /* AppDelegate.swift */ = {isa = PBXFileReference; lastKnownFileType = sourcecode.swift; path = AppDelegate.swift; sourceTree = "<group>"; };
		3F78D8E42A6EFA7700A61FB2 /* SceneDelegate.swift */ = {isa = PBXFileReference; lastKnownFileType = sourcecode.swift; path = SceneDelegate.swift; sourceTree = "<group>"; };
		3F78D8E62A6EFA7700A61FB2 /* DisplayBoardViewController.swift */ = {isa = PBXFileReference; lastKnownFileType = sourcecode.swift; path = DisplayBoardViewController.swift; sourceTree = "<group>"; };
		3F78D8EB2A6EFA7800A61FB2 /* Assets.xcassets */ = {isa = PBXFileReference; lastKnownFileType = folder.assetcatalog; path = Assets.xcassets; sourceTree = "<group>"; };
		3F78D8EE2A6EFA7800A61FB2 /* Base */ = {isa = PBXFileReference; lastKnownFileType = file.storyboard; name = Base; path = Base.lproj/LaunchScreen.storyboard; sourceTree = "<group>"; };
		3F78D8F02A6EFA7800A61FB2 /* Info.plist */ = {isa = PBXFileReference; lastKnownFileType = text.plist.xml; path = Info.plist; sourceTree = "<group>"; };
/* End PBXFileReference section */

/* Begin PBXFrameworksBuildPhase section */
		3F78D8DC2A6EFA7700A61FB2 /* Frameworks */ = {
			isa = PBXFrameworksBuildPhase;
			buildActionMask = 2147483647;
			files = (
				3F639CCE2D4E0A9B007A807A /* SnapKit in Frameworks */,
			);
			runOnlyForDeploymentPostprocessing = 0;
		};
/* End PBXFrameworksBuildPhase section */

/* Begin PBXGroup section */
		3F639CCA2D4E0999007A807A /* Delegate */ = {
			isa = PBXGroup;
			children = (
				3F78D8E22A6EFA7700A61FB2 /* AppDelegate.swift */,
				3F78D8E42A6EFA7700A61FB2 /* SceneDelegate.swift */,
			);
			path = Delegate;
			sourceTree = "<group>";
		};
		3F639CCB2D4E0A4A007A807A /* ViewController */ = {
			isa = PBXGroup;
			children = (
				3F639CD12D4E0CBD007A807A /* DisplayBoardView.swift */,
				3F78D8E62A6EFA7700A61FB2 /* DisplayBoardViewController.swift */,
				3F639CD32D4E0D41007A807A /* SettingView.swift */,
				3F639CDA2D4E1654007A807A /* SettingViewController.swift */,
			);
			path = ViewController;
			sourceTree = "<group>";
		};
		3F639CDC2D4E2747007A807A /* Common */ = {
			isa = PBXGroup;
			children = (
				3F639CD82D4E14F0007A807A /* ColorType.swift */,
				3F639CDD2D4E2759007A807A /* SettingManager.swift */,
			);
			path = Common;
			sourceTree = "<group>";
		};
		3F78D8D62A6EFA7700A61FB2 = {
			isa = PBXGroup;
			children = (
				3F78D8E12A6EFA7700A61FB2 /* LedBoard */,
				3F78D8E02A6EFA7700A61FB2 /* Products */,
			);
			sourceTree = "<group>";
		};
		3F78D8E02A6EFA7700A61FB2 /* Products */ = {
			isa = PBXGroup;
			children = (
				3F78D8DF2A6EFA7700A61FB2 /* LedBoard.app */,
			);
			name = Products;
			sourceTree = "<group>";
		};
		3F78D8E12A6EFA7700A61FB2 /* LedBoard */ = {
			isa = PBXGroup;
			children = (
				3F78D8EB2A6EFA7800A61FB2 /* Assets.xcassets */,
				3F78D8F02A6EFA7800A61FB2 /* Info.plist */,
				3F78D8ED2A6EFA7800A61FB2 /* LaunchScreen.storyboard */,
				3F639CDC2D4E2747007A807A /* Common */,
				3F639CCB2D4E0A4A007A807A /* ViewController */,
				3F639CCA2D4E0999007A807A /* Delegate */,
			);
			path = LedBoard;
			sourceTree = "<group>";
		};
/* End PBXGroup section */

/* Begin PBXNativeTarget section */
		3F78D8DE2A6EFA7700A61FB2 /* LedBoard */ = {
			isa = PBXNativeTarget;
			buildConfigurationList = 3F78D8F32A6EFA7800A61FB2 /* Build configuration list for PBXNativeTarget "LedBoard" */;
			buildPhases = (
				3F78D8DB2A6EFA7700A61FB2 /* Sources */,
				3F78D8DC2A6EFA7700A61FB2 /* Frameworks */,
				3F78D8DD2A6EFA7700A61FB2 /* Resources */,
			);
			buildRules = (
			);
			dependencies = (
			);
			name = LedBoard;
			packageProductDependencies = (
				3F639CCD2D4E0A9B007A807A /* SnapKit */,
			);
			productName = LedBoard;
			productReference = 3F78D8DF2A6EFA7700A61FB2 /* LedBoard.app */;
			productType = "com.apple.product-type.application";
		};
/* End PBXNativeTarget section */

/* Begin PBXProject section */
		3F78D8D72A6EFA7700A61FB2 /* Project object */ = {
			isa = PBXProject;
			attributes = {
				BuildIndependentTargetsInParallel = 1;
				LastSwiftUpdateCheck = 1430;
				LastUpgradeCheck = 1430;
				TargetAttributes = {
					3F78D8DE2A6EFA7700A61FB2 = {
						CreatedOnToolsVersion = 14.3;
					};
				};
			};
			buildConfigurationList = 3F78D8DA2A6EFA7700A61FB2 /* Build configuration list for PBXProject "LedBoard" */;
			compatibilityVersion = "Xcode 14.0";
			developmentRegion = en;
			hasScannedForEncodings = 0;
			knownRegions = (
				en,
				Base,
			);
			mainGroup = 3F78D8D62A6EFA7700A61FB2;
			packageReferences = (
				3F639CCC2D4E0A9B007A807A /* XCRemoteSwiftPackageReference "SnapKit" */,
			);
			productRefGroup = 3F78D8E02A6EFA7700A61FB2 /* Products */;
			projectDirPath = "";
			projectRoot = "";
			targets = (
				3F78D8DE2A6EFA7700A61FB2 /* LedBoard */,
			);
		};
/* End PBXProject section */

/* Begin PBXResourcesBuildPhase section */
		3F78D8DD2A6EFA7700A61FB2 /* Resources */ = {
			isa = PBXResourcesBuildPhase;
			buildActionMask = 2147483647;
			files = (
				3F78D8EF2A6EFA7800A61FB2 /* LaunchScreen.storyboard in Resources */,
				3F78D8EC2A6EFA7800A61FB2 /* Assets.xcassets in Resources */,
			);
			runOnlyForDeploymentPostprocessing = 0;
		};
/* End PBXResourcesBuildPhase section */

/* Begin PBXSourcesBuildPhase section */
		3F78D8DB2A6EFA7700A61FB2 /* Sources */ = {
			isa = PBXSourcesBuildPhase;
			buildActionMask = 2147483647;
			files = (
				3F78D8E72A6EFA7700A61FB2 /* DisplayBoardViewController.swift in Sources */,
				3F639CD92D4E14F0007A807A /* ColorType.swift in Sources */,
				3F639CDB2D4E1654007A807A /* SettingViewController.swift in Sources */,
				3F639CD42D4E0D41007A807A /* SettingView.swift in Sources */,
				3F78D8E32A6EFA7700A61FB2 /* AppDelegate.swift in Sources */,
				3F639CDE2D4E2759007A807A /* SettingManager.swift in Sources */,
				3F639CD22D4E0CBD007A807A /* DisplayBoardView.swift in Sources */,
				3F78D8E52A6EFA7700A61FB2 /* SceneDelegate.swift in Sources */,
			);
			runOnlyForDeploymentPostprocessing = 0;
		};
/* End PBXSourcesBuildPhase section */

/* Begin PBXVariantGroup section */
		3F78D8ED2A6EFA7800A61FB2 /* LaunchScreen.storyboard */ = {
			isa = PBXVariantGroup;
			children = (
				3F78D8EE2A6EFA7800A61FB2 /* Base */,
			);
			name = LaunchScreen.storyboard;
			sourceTree = "<group>";
		};
/* End PBXVariantGroup section */

/* Begin XCBuildConfiguration section */
		3F78D8F12A6EFA7800A61FB2 /* Debug */ = {
			isa = XCBuildConfiguration;
			buildSettings = {
				ALWAYS_SEARCH_USER_PATHS = NO;
				CLANG_ANALYZER_NONNULL = YES;
				CLANG_ANALYZER_NUMBER_OBJECT_CONVERSION = YES_AGGRESSIVE;
				CLANG_CXX_LANGUAGE_STANDARD = "gnu++20";
				CLANG_ENABLE_MODULES = YES;
				CLANG_ENABLE_OBJC_ARC = YES;
				CLANG_ENABLE_OBJC_WEAK = YES;
				CLANG_WARN_BLOCK_CAPTURE_AUTORELEASING = YES;
				CLANG_WARN_BOOL_CONVERSION = YES;
				CLANG_WARN_COMMA = YES;
				CLANG_WARN_CONSTANT_CONVERSION = YES;
				CLANG_WARN_DEPRECATED_OBJC_IMPLEMENTATIONS = YES;
				CLANG_WARN_DIRECT_OBJC_ISA_USAGE = YES_ERROR;
				CLANG_WARN_DOCUMENTATION_COMMENTS = YES;
				CLANG_WARN_EMPTY_BODY = YES;
				CLANG_WARN_ENUM_CONVERSION = YES;
				CLANG_WARN_INFINITE_RECURSION = YES;
				CLANG_WARN_INT_CONVERSION = YES;
				CLANG_WARN_NON_LITERAL_NULL_CONVERSION = YES;
				CLANG_WARN_OBJC_IMPLICIT_RETAIN_SELF = YES;
				CLANG_WARN_OBJC_LITERAL_CONVERSION = YES;
				CLANG_WARN_OBJC_ROOT_CLASS = YES_ERROR;
				CLANG_WARN_QUOTED_INCLUDE_IN_FRAMEWORK_HEADER = YES;
				CLANG_WARN_RANGE_LOOP_ANALYSIS = YES;
				CLANG_WARN_STRICT_PROTOTYPES = YES;
				CLANG_WARN_SUSPICIOUS_MOVE = YES;
				CLANG_WARN_UNGUARDED_AVAILABILITY = YES_AGGRESSIVE;
				CLANG_WARN_UNREACHABLE_CODE = YES;
				CLANG_WARN__DUPLICATE_METHOD_MATCH = YES;
				COPY_PHASE_STRIP = NO;
				DEBUG_INFORMATION_FORMAT = dwarf;
				ENABLE_STRICT_OBJC_MSGSEND = YES;
				ENABLE_TESTABILITY = YES;
				GCC_C_LANGUAGE_STANDARD = gnu11;
				GCC_DYNAMIC_NO_PIC = NO;
				GCC_NO_COMMON_BLOCKS = YES;
				GCC_OPTIMIZATION_LEVEL = 0;
				GCC_PREPROCESSOR_DEFINITIONS = (
					"DEBUG=1",
					"$(inherited)",
				);
				GCC_WARN_64_TO_32_BIT_CONVERSION = YES;
				GCC_WARN_ABOUT_RETURN_TYPE = YES_ERROR;
				GCC_WARN_UNDECLARED_SELECTOR = YES;
				GCC_WARN_UNINITIALIZED_AUTOS = YES_AGGRESSIVE;
				GCC_WARN_UNUSED_FUNCTION = YES;
				GCC_WARN_UNUSED_VARIABLE = YES;
				IPHONEOS_DEPLOYMENT_TARGET = 16.4;
				MTL_ENABLE_DEBUG_INFO = INCLUDE_SOURCE;
				MTL_FAST_MATH = YES;
				ONLY_ACTIVE_ARCH = YES;
				SDKROOT = iphoneos;
				SWIFT_ACTIVE_COMPILATION_CONDITIONS = DEBUG;
				SWIFT_OPTIMIZATION_LEVEL = "-Onone";
			};
			name = Debug;
		};
		3F78D8F22A6EFA7800A61FB2 /* Release */ = {
			isa = XCBuildConfiguration;
			buildSettings = {
				ALWAYS_SEARCH_USER_PATHS = NO;
				CLANG_ANALYZER_NONNULL = YES;
				CLANG_ANALYZER_NUMBER_OBJECT_CONVERSION = YES_AGGRESSIVE;
				CLANG_CXX_LANGUAGE_STANDARD = "gnu++20";
				CLANG_ENABLE_MODULES = YES;
				CLANG_ENABLE_OBJC_ARC = YES;
				CLANG_ENABLE_OBJC_WEAK = YES;
				CLANG_WARN_BLOCK_CAPTURE_AUTORELEASING = YES;
				CLANG_WARN_BOOL_CONVERSION = YES;
				CLANG_WARN_COMMA = YES;
				CLANG_WARN_CONSTANT_CONVERSION = YES;
				CLANG_WARN_DEPRECATED_OBJC_IMPLEMENTATIONS = YES;
				CLANG_WARN_DIRECT_OBJC_ISA_USAGE = YES_ERROR;
				CLANG_WARN_DOCUMENTATION_COMMENTS = YES;
				CLANG_WARN_EMPTY_BODY = YES;
				CLANG_WARN_ENUM_CONVERSION = YES;
				CLANG_WARN_INFINITE_RECURSION = YES;
				CLANG_WARN_INT_CONVERSION = YES;
				CLANG_WARN_NON_LITERAL_NULL_CONVERSION = YES;
				CLANG_WARN_OBJC_IMPLICIT_RETAIN_SELF = YES;
				CLANG_WARN_OBJC_LITERAL_CONVERSION = YES;
				CLANG_WARN_OBJC_ROOT_CLASS = YES_ERROR;
				CLANG_WARN_QUOTED_INCLUDE_IN_FRAMEWORK_HEADER = YES;
				CLANG_WARN_RANGE_LOOP_ANALYSIS = YES;
				CLANG_WARN_STRICT_PROTOTYPES = YES;
				CLANG_WARN_SUSPICIOUS_MOVE = YES;
				CLANG_WARN_UNGUARDED_AVAILABILITY = YES_AGGRESSIVE;
				CLANG_WARN_UNREACHABLE_CODE = YES;
				CLANG_WARN__DUPLICATE_METHOD_MATCH = YES;
				COPY_PHASE_STRIP = NO;
				DEBUG_INFORMATION_FORMAT = "dwarf-with-dsym";
				ENABLE_NS_ASSERTIONS = NO;
				ENABLE_STRICT_OBJC_MSGSEND = YES;
				GCC_C_LANGUAGE_STANDARD = gnu11;
				GCC_NO_COMMON_BLOCKS = YES;
				GCC_WARN_64_TO_32_BIT_CONVERSION = YES;
				GCC_WARN_ABOUT_RETURN_TYPE = YES_ERROR;
				GCC_WARN_UNDECLARED_SELECTOR = YES;
				GCC_WARN_UNINITIALIZED_AUTOS = YES_AGGRESSIVE;
				GCC_WARN_UNUSED_FUNCTION = YES;
				GCC_WARN_UNUSED_VARIABLE = YES;
				IPHONEOS_DEPLOYMENT_TARGET = 16.4;
				MTL_ENABLE_DEBUG_INFO = NO;
				MTL_FAST_MATH = YES;
				SDKROOT = iphoneos;
				SWIFT_COMPILATION_MODE = wholemodule;
				SWIFT_OPTIMIZATION_LEVEL = "-O";
				VALIDATE_PRODUCT = YES;
			};
			name = Release;
		};
		3F78D8F42A6EFA7800A61FB2 /* Debug */ = {
			isa = XCBuildConfiguration;
			buildSettings = {
				ASSETCATALOG_COMPILER_APPICON_NAME = AppIcon;
				ASSETCATALOG_COMPILER_GLOBAL_ACCENT_COLOR_NAME = AccentColor;
				CODE_SIGN_STYLE = Automatic;
				CURRENT_PROJECT_VERSION = 1;
				DEVELOPMENT_TEAM = NFCS5T44FS;
				GENERATE_INFOPLIST_FILE = YES;
				INFOPLIST_FILE = LedBoard/Info.plist;
				INFOPLIST_KEY_UIApplicationSupportsIndirectInputEvents = YES;
				INFOPLIST_KEY_UILaunchStoryboardName = LaunchScreen;
				INFOPLIST_KEY_UISupportedInterfaceOrientations = "UIInterfaceOrientationLandscapeLeft UIInterfaceOrientationLandscapeRight";
				INFOPLIST_KEY_UISupportedInterfaceOrientations_iPad = "UIInterfaceOrientationLandscapeLeft UIInterfaceOrientationLandscapeRight UIInterfaceOrientationPortrait UIInterfaceOrientationPortraitUpsideDown";
				INFOPLIST_KEY_UIUserInterfaceStyle = Dark;
				IPHONEOS_DEPLOYMENT_TARGET = 14.0;
				LD_RUNPATH_SEARCH_PATHS = (
					"$(inherited)",
					"@executable_path/Frameworks",
				);
				MARKETING_VERSION = 1.0.0;
				PRODUCT_BUNDLE_IDENTIFIER = com.hany.LedBoard;
				PRODUCT_NAME = "$(TARGET_NAME)";
				SUPPORTED_PLATFORMS = "iphoneos iphonesimulator";
				SUPPORTS_MACCATALYST = NO;
				SUPPORTS_MAC_DESIGNED_FOR_IPHONE_IPAD = NO;
				SUPPORTS_XR_DESIGNED_FOR_IPHONE_IPAD = NO;
				SWIFT_EMIT_LOC_STRINGS = YES;
				SWIFT_VERSION = 5.0;
				TARGETED_DEVICE_FAMILY = 1;
			};
			name = Debug;
		};
		3F78D8F52A6EFA7800A61FB2 /* Release */ = {
			isa = XCBuildConfiguration;
			buildSettings = {
				ASSETCATALOG_COMPILER_APPICON_NAME = AppIcon;
				ASSETCATALOG_COMPILER_GLOBAL_ACCENT_COLOR_NAME = AccentColor;
				CODE_SIGN_STYLE = Automatic;
				CURRENT_PROJECT_VERSION = 1;
				DEVELOPMENT_TEAM = NFCS5T44FS;
				GENERATE_INFOPLIST_FILE = YES;
				INFOPLIST_FILE = LedBoard/Info.plist;
				INFOPLIST_KEY_UIApplicationSupportsIndirectInputEvents = YES;
				INFOPLIST_KEY_UILaunchStoryboardName = LaunchScreen;
				INFOPLIST_KEY_UISupportedInterfaceOrientations = "UIInterfaceOrientationLandscapeLeft UIInterfaceOrientationLandscapeRight";
				INFOPLIST_KEY_UISupportedInterfaceOrientations_iPad = "UIInterfaceOrientationLandscapeLeft UIInterfaceOrientationLandscapeRight UIInterfaceOrientationPortrait UIInterfaceOrientationPortraitUpsideDown";
				INFOPLIST_KEY_UIUserInterfaceStyle = Dark;
				IPHONEOS_DEPLOYMENT_TARGET = 14.0;
				LD_RUNPATH_SEARCH_PATHS = (
					"$(inherited)",
					"@executable_path/Frameworks",
				);
				MARKETING_VERSION = 1.0.0;
				PRODUCT_BUNDLE_IDENTIFIER = com.hany.LedBoard;
				PRODUCT_NAME = "$(TARGET_NAME)";
				SUPPORTED_PLATFORMS = "iphoneos iphonesimulator";
				SUPPORTS_MACCATALYST = NO;
				SUPPORTS_MAC_DESIGNED_FOR_IPHONE_IPAD = NO;
				SUPPORTS_XR_DESIGNED_FOR_IPHONE_IPAD = NO;
				SWIFT_EMIT_LOC_STRINGS = YES;
				SWIFT_VERSION = 5.0;
				TARGETED_DEVICE_FAMILY = 1;
			};
			name = Release;
		};
/* End XCBuildConfiguration section */

/* Begin XCConfigurationList section */
		3F78D8DA2A6EFA7700A61FB2 /* Build configuration list for PBXProject "LedBoard" */ = {
			isa = XCConfigurationList;
			buildConfigurations = (
				3F78D8F12A6EFA7800A61FB2 /* Debug */,
				3F78D8F22A6EFA7800A61FB2 /* Release */,
			);
			defaultConfigurationIsVisible = 0;
			defaultConfigurationName = Release;
		};
		3F78D8F32A6EFA7800A61FB2 /* Build configuration list for PBXNativeTarget "LedBoard" */ = {
			isa = XCConfigurationList;
			buildConfigurations = (
				3F78D8F42A6EFA7800A61FB2 /* Debug */,
				3F78D8F52A6EFA7800A61FB2 /* Release */,
			);
			defaultConfigurationIsVisible = 0;
			defaultConfigurationName = Release;
		};
/* End XCConfigurationList section */

/* Begin XCRemoteSwiftPackageReference section */
		3F639CCC2D4E0A9B007A807A /* XCRemoteSwiftPackageReference "SnapKit" */ = {
			isa = XCRemoteSwiftPackageReference;
			repositoryURL = "https://github.com/SnapKit/SnapKit";
			requirement = {
				kind = upToNextMajorVersion;
				minimumVersion = 5.7.1;
			};
		};
/* End XCRemoteSwiftPackageReference section */

/* Begin XCSwiftPackageProductDependency section */
		3F639CCD2D4E0A9B007A807A /* SnapKit */ = {
			isa = XCSwiftPackageProductDependency;
			package = 3F639CCC2D4E0A9B007A807A /* XCRemoteSwiftPackageReference "SnapKit" */;
			productName = SnapKit;
		};
/* End XCSwiftPackageProductDependency section */
	};
	rootObject = 3F78D8D72A6EFA7700A61FB2 /* Project object */;
}
